
Microsoft Visual Studio Solution File, Format Version 12.00
# Visual Studio 2012
Project("{FAE04EC0-301F-11D3-BF4B-00C04F79EFBC}") = "YahooFantasySports", "YahooFantasySports\YahooFantasySports.csproj", "{DB0AC992-7D35-4F96-BE9D-AD3DDFA0721F}"
EndProject
Project("{FAE04EC0-301F-11D3-BF4B-00C04F79EFBC}") = "YahooFantasySports.Tests", "YahooFantasySports.Tests\YahooFantasySports.Tests.csproj", "{98E42669-C117-4BD8-9C7D-569CBEB9B87F}"
EndProject
Global
	GlobalSection(SolutionConfigurationPlatforms) = preSolution
		Debug|Any CPU = Debug|Any CPU
		Release|Any CPU = Release|Any CPU
	EndGlobalSection
	GlobalSection(ProjectConfigurationPlatforms) = postSolution
		{DB0AC992-7D35-4F96-BE9D-AD3DDFA0721F}.Debug|Any CPU.ActiveCfg = Debug|Any CPU
		{DB0AC992-7D35-4F96-BE9D-AD3DDFA0721F}.Debug|Any CPU.Build.0 = Debug|Any CPU
		{DB0AC992-7D35-4F96-BE9D-AD3DDFA0721F}.Release|Any CPU.ActiveCfg = Release|Any CPU
		{DB0AC992-7D35-4F96-BE9D-AD3DDFA0721F}.Release|Any CPU.Build.0 = Release|Any CPU
		{98E42669-C117-4BD8-9C7D-569CBEB9B87F}.Debug|Any CPU.ActiveCfg = Debug|Any CPU
		{98E42669-C117-4BD8-9C7D-569CBEB9B87F}.Debug|Any CPU.Build.0 = Debug|Any CPU
		{98E42669-C117-4BD8-9C7D-569CBEB9B87F}.Release|Any CPU.ActiveCfg = Release|Any CPU
		{98E42669-C117-4BD8-9C7D-569CBEB9B87F}.Release|Any CPU.Build.0 = Release|Any CPU
	EndGlobalSection
	GlobalSection(SolutionProperties) = preSolution
		HideSolutionNode = FALSE
	EndGlobalSection
EndGlobal
